
Microsoft Visual Studio Solution File, Format Version 12.00
# Visual Studio Version 16
VisualStudioVersion = 16.0.31313.79
MinimumVisualStudioVersion = 10.0.40219.1
Project("{9A19103F-16F7-4668-BE54-9A1E7A4F7556}") = "AppliAventurier", "AppliAventurier\AppliAventurier.csproj", "{E27BAF66-34AF-458C-B4AF-2862B7846D71}"
EndProject
Project("{FAE04EC0-301F-11D3-BF4B-00C04F79EFBC}") = "BiblioAventurier", "BiblioAventurier\BiblioAventurier.csproj", "{326B4C58-FBB0-4E68-BD39-07CFB2D88E72}"
EndProject
Project("{FAE04EC0-301F-11D3-BF4B-00C04F79EFBC}") = "UnitTestAventurier", "UnitTestAventurier\UnitTestAventurier.csproj", "{6305689E-35F7-4581-A62A-2B4E7AFC67F0}"
EndProject
Global
	GlobalSection(SolutionConfigurationPlatforms) = preSolution
		Debug|Any CPU = Debug|Any CPU
		Release|Any CPU = Release|Any CPU
	EndGlobalSection
	GlobalSection(ProjectConfigurationPlatforms) = postSolution
		{E27BAF66-34AF-458C-B4AF-2862B7846D71}.Debug|Any CPU.ActiveCfg = Debug|Any CPU
		{E27BAF66-34AF-458C-B4AF-2862B7846D71}.Debug|Any CPU.Build.0 = Debug|Any CPU
		{E27BAF66-34AF-458C-B4AF-2862B7846D71}.Release|Any CPU.ActiveCfg = Release|Any CPU
		{E27BAF66-34AF-458C-B4AF-2862B7846D71}.Release|Any CPU.Build.0 = Release|Any CPU
		{326B4C58-FBB0-4E68-BD39-07CFB2D88E72}.Debug|Any CPU.ActiveCfg = Debug|Any CPU
		{326B4C58-FBB0-4E68-BD39-07CFB2D88E72}.Debug|Any CPU.Build.0 = Debug|Any CPU
		{326B4C58-FBB0-4E68-BD39-07CFB2D88E72}.Release|Any CPU.ActiveCfg = Release|Any CPU
		{326B4C58-FBB0-4E68-BD39-07CFB2D88E72}.Release|Any CPU.Build.0 = Release|Any CPU
		{6305689E-35F7-4581-A62A-2B4E7AFC67F0}.Debug|Any CPU.ActiveCfg = Debug|Any CPU
		{6305689E-35F7-4581-A62A-2B4E7AFC67F0}.Debug|Any CPU.Build.0 = Debug|Any CPU
		{6305689E-35F7-4581-A62A-2B4E7AFC67F0}.Release|Any CPU.ActiveCfg = Release|Any CPU
		{6305689E-35F7-4581-A62A-2B4E7AFC67F0}.Release|Any CPU.Build.0 = Release|Any CPU
	EndGlobalSection
	GlobalSection(SolutionProperties) = preSolution
		HideSolutionNode = FALSE
	EndGlobalSection
	GlobalSection(ExtensibilityGlobals) = postSolution
		SolutionGuid = {96A5308E-7D73-496F-A75F-713E1FFA5CF7}
	EndGlobalSection
EndGlobal
